
Microsoft Visual Studio Solution File, Format Version 11.00
# Visual Studio 2010
Project("{FAE04EC0-301F-11D3-BF4B-00C04F79EFBC}") = "ArmokLanguage", "ArmokLanguage\ArmokLanguage.csproj", "{D38092A4-6C4E-43DC-9B0B-05B40AB8C0F7}"
EndProject
Project("{FAE04EC0-301F-11D3-BF4B-00C04F79EFBC}") = "ArmokLangTest", "ArmokLangTest\ArmokLangTest.csproj", "{2F2E5173-4F16-4F22-9CB6-901311B4C2B8}"
EndProject
Project("{2150E333-8FDC-42A3-9474-1A3956D46DE8}") = "Solution Items", "Solution Items", "{1CF150E4-8208-4F5F-B04A-D7535FC4DECF}"
EndProject
Project("{FAE04EC0-301F-11D3-BF4B-00C04F79EFBC}") = "ArmokVisualizer", "ArmokVisualizer\ArmokVisualizer.csproj", "{4BB73CE0-3CC4-4BDF-A5C2-3A8DCA0F5CA7}"
EndProject
Global
	GlobalSection(SolutionConfigurationPlatforms) = preSolution
		Debug|Any CPU = Debug|Any CPU
		Debug|Mixed Platforms = Debug|Mixed Platforms
		Debug|x86 = Debug|x86
		Release|Any CPU = Release|Any CPU
		Release|Mixed Platforms = Release|Mixed Platforms
		Release|x86 = Release|x86
	EndGlobalSection
	GlobalSection(ProjectConfigurationPlatforms) = postSolution
		{D38092A4-6C4E-43DC-9B0B-05B40AB8C0F7}.Debug|Any CPU.ActiveCfg = Debug|x86
		{D38092A4-6C4E-43DC-9B0B-05B40AB8C0F7}.Debug|Mixed Platforms.ActiveCfg = Debug|x86
		{D38092A4-6C4E-43DC-9B0B-05B40AB8C0F7}.Debug|Mixed Platforms.Build.0 = Debug|x86
		{D38092A4-6C4E-43DC-9B0B-05B40AB8C0F7}.Debug|x86.ActiveCfg = Debug|x86
		{D38092A4-6C4E-43DC-9B0B-05B40AB8C0F7}.Debug|x86.Build.0 = Debug|x86
		{D38092A4-6C4E-43DC-9B0B-05B40AB8C0F7}.Release|Any CPU.ActiveCfg = Release|x86
		{D38092A4-6C4E-43DC-9B0B-05B40AB8C0F7}.Release|Mixed Platforms.ActiveCfg = Release|x86
		{D38092A4-6C4E-43DC-9B0B-05B40AB8C0F7}.Release|Mixed Platforms.Build.0 = Release|x86
		{D38092A4-6C4E-43DC-9B0B-05B40AB8C0F7}.Release|x86.ActiveCfg = Release|x86
		{D38092A4-6C4E-43DC-9B0B-05B40AB8C0F7}.Release|x86.Build.0 = Release|x86
		{2F2E5173-4F16-4F22-9CB6-901311B4C2B8}.Debug|Any CPU.ActiveCfg = Debug|Any CPU
		{2F2E5173-4F16-4F22-9CB6-901311B4C2B8}.Debug|Any CPU.Build.0 = Debug|Any CPU
		{2F2E5173-4F16-4F22-9CB6-901311B4C2B8}.Debug|Mixed Platforms.ActiveCfg = Debug|Any CPU
		{2F2E5173-4F16-4F22-9CB6-901311B4C2B8}.Debug|Mixed Platforms.Build.0 = Debug|Any CPU
		{2F2E5173-4F16-4F22-9CB6-901311B4C2B8}.Debug|x86.ActiveCfg = Debug|Any CPU
		{2F2E5173-4F16-4F22-9CB6-901311B4C2B8}.Release|Any CPU.ActiveCfg = Release|Any CPU
		{2F2E5173-4F16-4F22-9CB6-901311B4C2B8}.Release|Any CPU.Build.0 = Release|Any CPU
		{2F2E5173-4F16-4F22-9CB6-901311B4C2B8}.Release|Mixed Platforms.ActiveCfg = Release|Any CPU
		{2F2E5173-4F16-4F22-9CB6-901311B4C2B8}.Release|Mixed Platforms.Build.0 = Release|Any CPU
		{2F2E5173-4F16-4F22-9CB6-901311B4C2B8}.Release|x86.ActiveCfg = Release|Any CPU
		{4BB73CE0-3CC4-4BDF-A5C2-3A8DCA0F5CA7}.Debug|Any CPU.ActiveCfg = Debug|x86
		{4BB73CE0-3CC4-4BDF-A5C2-3A8DCA0F5CA7}.Debug|Mixed Platforms.ActiveCfg = Debug|x86
		{4BB73CE0-3CC4-4BDF-A5C2-3A8DCA0F5CA7}.Debug|Mixed Platforms.Build.0 = Debug|x86
		{4BB73CE0-3CC4-4BDF-A5C2-3A8DCA0F5CA7}.Debug|x86.ActiveCfg = Debug|x86
		{4BB73CE0-3CC4-4BDF-A5C2-3A8DCA0F5CA7}.Debug|x86.Build.0 = Debug|x86
		{4BB73CE0-3CC4-4BDF-A5C2-3A8DCA0F5CA7}.Release|Any CPU.ActiveCfg = Release|x86
		{4BB73CE0-3CC4-4BDF-A5C2-3A8DCA0F5CA7}.Release|Mixed Platforms.ActiveCfg = Release|x86
		{4BB73CE0-3CC4-4BDF-A5C2-3A8DCA0F5CA7}.Release|Mixed Platforms.Build.0 = Release|x86
		{4BB73CE0-3CC4-4BDF-A5C2-3A8DCA0F5CA7}.Release|x86.ActiveCfg = Release|x86
		{4BB73CE0-3CC4-4BDF-A5C2-3A8DCA0F5CA7}.Release|x86.Build.0 = Release|x86
	EndGlobalSection
	GlobalSection(SolutionProperties) = preSolution
		HideSolutionNode = FALSE
	EndGlobalSection
EndGlobal
